
Microsoft Visual Studio Solution File, Format Version 12.00
# Visual Studio Version 17
VisualStudioVersion = 17.9.34728.123
MinimumVisualStudioVersion = 10.0.40219.1
Project("{9A19103F-16F7-4668-BE54-9A1E7A4F7556}") = "Web", "Web\Web.csproj", "{5B0356DB-473E-4734-97BC-540F16AE979E}"
EndProject
Project("{9A19103F-16F7-4668-BE54-9A1E7A4F7556}") = "Service", "Service\Service.csproj", "{144E6E79-B429-4F52-A140-0C4DD17FD6A9}"
EndProject
Project("{9A19103F-16F7-4668-BE54-9A1E7A4F7556}") = "Repository", "Repository\Repository.csproj", "{C1C194D1-4AB3-4669-9A28-69AFC6320204}"
EndProject
Project("{9A19103F-16F7-4668-BE54-9A1E7A4F7556}") = "Domain", "Domain\Domain.csproj", "{A3FD6BD9-4B8F-479A-ADD0-08B2ECCEA7F8}"
EndProject
Global
	GlobalSection(SolutionConfigurationPlatforms) = preSolution
		Debug|Any CPU = Debug|Any CPU
		Release|Any CPU = Release|Any CPU
	EndGlobalSection
	GlobalSection(ProjectConfigurationPlatforms) = postSolution
		{5B0356DB-473E-4734-97BC-540F16AE979E}.Debug|Any CPU.ActiveCfg = Debug|Any CPU
		{5B0356DB-473E-4734-97BC-540F16AE979E}.Debug|Any CPU.Build.0 = Debug|Any CPU
		{5B0356DB-473E-4734-97BC-540F16AE979E}.Release|Any CPU.ActiveCfg = Release|Any CPU
		{5B0356DB-473E-4734-97BC-540F16AE979E}.Release|Any CPU.Build.0 = Release|Any CPU
		{144E6E79-B429-4F52-A140-0C4DD17FD6A9}.Debug|Any CPU.ActiveCfg = Debug|Any CPU
		{144E6E79-B429-4F52-A140-0C4DD17FD6A9}.Debug|Any CPU.Build.0 = Debug|Any CPU
		{144E6E79-B429-4F52-A140-0C4DD17FD6A9}.Release|Any CPU.ActiveCfg = Release|Any CPU
		{144E6E79-B429-4F52-A140-0C4DD17FD6A9}.Release|Any CPU.Build.0 = Release|Any CPU
		{C1C194D1-4AB3-4669-9A28-69AFC6320204}.Debug|Any CPU.ActiveCfg = Debug|Any CPU
		{C1C194D1-4AB3-4669-9A28-69AFC6320204}.Debug|Any CPU.Build.0 = Debug|Any CPU
		{C1C194D1-4AB3-4669-9A28-69AFC6320204}.Release|Any CPU.ActiveCfg = Release|Any CPU
		{C1C194D1-4AB3-4669-9A28-69AFC6320204}.Release|Any CPU.Build.0 = Release|Any CPU
		{A3FD6BD9-4B8F-479A-ADD0-08B2ECCEA7F8}.Debug|Any CPU.ActiveCfg = Debug|Any CPU
		{A3FD6BD9-4B8F-479A-ADD0-08B2ECCEA7F8}.Debug|Any CPU.Build.0 = Debug|Any CPU
		{A3FD6BD9-4B8F-479A-ADD0-08B2ECCEA7F8}.Release|Any CPU.ActiveCfg = Release|Any CPU
		{A3FD6BD9-4B8F-479A-ADD0-08B2ECCEA7F8}.Release|Any CPU.Build.0 = Release|Any CPU
	EndGlobalSection
	GlobalSection(SolutionProperties) = preSolution
		HideSolutionNode = FALSE
	EndGlobalSection
	GlobalSection(ExtensibilityGlobals) = postSolution
		SolutionGuid = {4829FC31-4B01-4466-96B5-881414D7D763}
	EndGlobalSection
EndGlobal
